
Microsoft Visual Studio Solution File, Format Version 12.00
# Visual Studio Version 17
VisualStudioVersion = 17.13.35818.85
MinimumVisualStudioVersion = 10.0.40219.1
Project("{FAE04EC0-301F-11D3-BF4B-00C04F79EFBC}") = "实验七=2", "实验七=2.csproj", "{39E175E8-E447-455C-ADB4-333D1A3BCFE6}"
EndProject
Global
	GlobalSection(SolutionConfigurationPlatforms) = preSolution
		Debug|Any CPU = Debug|Any CPU
		Release|Any CPU = Release|Any CPU
	EndGlobalSection
	GlobalSection(ProjectConfigurationPlatforms) = postSolution
		{39E175E8-E447-455C-ADB4-333D1A3BCFE6}.Debug|Any CPU.ActiveCfg = Debug|Any CPU
		{39E175E8-E447-455C-ADB4-333D1A3BCFE6}.Debug|Any CPU.Build.0 = Debug|Any CPU
		{39E175E8-E447-455C-ADB4-333D1A3BCFE6}.Release|Any CPU.ActiveCfg = Release|Any CPU
		{39E175E8-E447-455C-ADB4-333D1A3BCFE6}.Release|Any CPU.Build.0 = Release|Any CPU
	EndGlobalSection
	GlobalSection(SolutionProperties) = preSolution
		HideSolutionNode = FALSE
	EndGlobalSection
	GlobalSection(ExtensibilityGlobals) = postSolution
		SolutionGuid = {01722B70-7408-4875-B813-84F96ED4EEAD}
	EndGlobalSection
EndGlobal
