
Microsoft Visual Studio Solution File, Format Version 12.00
# Visual Studio Version 17
VisualStudioVersion = 17.10.35027.167
MinimumVisualStudioVersion = 10.0.40219.1
Project("{8BC9CEB8-8B4A-11D0-8D11-00A0C91BC942}") = "test_10_19", "test_10_19.vcxproj", "{FD44DC83-F8FC-468E-BA43-B5955FDAEF51}"
EndProject
Global
	GlobalSection(SolutionConfigurationPlatforms) = preSolution
		Debug|x64 = Debug|x64
		Debug|x86 = Debug|x86
		Release|x64 = Release|x64
		Release|x86 = Release|x86
	EndGlobalSection
	GlobalSection(ProjectConfigurationPlatforms) = postSolution
		{FD44DC83-F8FC-468E-BA43-B5955FDAEF51}.Debug|x64.ActiveCfg = Debug|x64
		{FD44DC83-F8FC-468E-BA43-B5955FDAEF51}.Debug|x64.Build.0 = Debug|x64
		{FD44DC83-F8FC-468E-BA43-B5955FDAEF51}.Debug|x86.ActiveCfg = Debug|Win32
		{FD44DC83-F8FC-468E-BA43-B5955FDAEF51}.Debug|x86.Build.0 = Debug|Win32
		{FD44DC83-F8FC-468E-BA43-B5955FDAEF51}.Release|x64.ActiveCfg = Release|x64
		{FD44DC83-F8FC-468E-BA43-B5955FDAEF51}.Release|x64.Build.0 = Release|x64
		{FD44DC83-F8FC-468E-BA43-B5955FDAEF51}.Release|x86.ActiveCfg = Release|Win32
		{FD44DC83-F8FC-468E-BA43-B5955FDAEF51}.Release|x86.Build.0 = Release|Win32
	EndGlobalSection
	GlobalSection(SolutionProperties) = preSolution
		HideSolutionNode = FALSE
	EndGlobalSection
	GlobalSection(ExtensibilityGlobals) = postSolution
		SolutionGuid = {EB2E7474-51D3-4E0F-BB65-4FEB1B801733}
	EndGlobalSection
EndGlobal
