
Microsoft Visual Studio Solution File, Format Version 12.00
# Visual Studio Version 16
VisualStudioVersion = 16.0.30413.136
MinimumVisualStudioVersion = 10.0.40219.1
Project("{FAE04EC0-301F-11D3-BF4B-00C04F79EFBC}") = "实验五=1", "实验五=1.csproj", "{4257B79D-BE61-463A-BCFD-13037F92022C}"
EndProject
Global
	GlobalSection(SolutionConfigurationPlatforms) = preSolution
		Debug|Any CPU = Debug|Any CPU
		Release|Any CPU = Release|Any CPU
	EndGlobalSection
	GlobalSection(ProjectConfigurationPlatforms) = postSolution
		{4257B79D-BE61-463A-BCFD-13037F92022C}.Debug|Any CPU.ActiveCfg = Debug|Any CPU
		{4257B79D-BE61-463A-BCFD-13037F92022C}.Debug|Any CPU.Build.0 = Debug|Any CPU
		{4257B79D-BE61-463A-BCFD-13037F92022C}.Release|Any CPU.ActiveCfg = Release|Any CPU
		{4257B79D-BE61-463A-BCFD-13037F92022C}.Release|Any CPU.Build.0 = Release|Any CPU
	EndGlobalSection
	GlobalSection(SolutionProperties) = preSolution
		HideSolutionNode = FALSE
	EndGlobalSection
	GlobalSection(ExtensibilityGlobals) = postSolution
		SolutionGuid = {4A50FB41-1C0F-4C63-95EE-7FA64CAA0C6B}
	EndGlobalSection
EndGlobal
