
Microsoft Visual Studio Solution File, Format Version 12.00
# Visual Studio Version 16
VisualStudioVersion = 16.0.30413.136
MinimumVisualStudioVersion = 10.0.40219.1
Project("{FAE04EC0-301F-11D3-BF4B-00C04F79EFBC}") = "实验十二", "实验十二.csproj", "{EA28DB82-3A42-4D1B-8903-393265B3E5E0}"
EndProject
Global
	GlobalSection(SolutionConfigurationPlatforms) = preSolution
		Debug|Any CPU = Debug|Any CPU
		Release|Any CPU = Release|Any CPU
	EndGlobalSection
	GlobalSection(ProjectConfigurationPlatforms) = postSolution
		{EA28DB82-3A42-4D1B-8903-393265B3E5E0}.Debug|Any CPU.ActiveCfg = Debug|Any CPU
		{EA28DB82-3A42-4D1B-8903-393265B3E5E0}.Debug|Any CPU.Build.0 = Debug|Any CPU
		{EA28DB82-3A42-4D1B-8903-393265B3E5E0}.Release|Any CPU.ActiveCfg = Release|Any CPU
		{EA28DB82-3A42-4D1B-8903-393265B3E5E0}.Release|Any CPU.Build.0 = Release|Any CPU
	EndGlobalSection
	GlobalSection(SolutionProperties) = preSolution
		HideSolutionNode = FALSE
	EndGlobalSection
	GlobalSection(ExtensibilityGlobals) = postSolution
		SolutionGuid = {9C6591A8-92CD-4BA1-B458-E3D46D600F8E}
	EndGlobalSection
EndGlobal
