
Microsoft Visual Studio Solution File, Format Version 12.00
# Visual Studio Version 16
VisualStudioVersion = 16.0.30413.136
MinimumVisualStudioVersion = 10.0.40219.1
Project("{FAE04EC0-301F-11D3-BF4B-00C04F79EFBC}") = "实验八=2", "实验八=2.csproj", "{E46A5846-E3E3-4579-BBA1-739DCD1C0735}"
EndProject
Global
	GlobalSection(SolutionConfigurationPlatforms) = preSolution
		Debug|Any CPU = Debug|Any CPU
		Release|Any CPU = Release|Any CPU
	EndGlobalSection
	GlobalSection(ProjectConfigurationPlatforms) = postSolution
		{E46A5846-E3E3-4579-BBA1-739DCD1C0735}.Debug|Any CPU.ActiveCfg = Debug|Any CPU
		{E46A5846-E3E3-4579-BBA1-739DCD1C0735}.Debug|Any CPU.Build.0 = Debug|Any CPU
		{E46A5846-E3E3-4579-BBA1-739DCD1C0735}.Release|Any CPU.ActiveCfg = Release|Any CPU
		{E46A5846-E3E3-4579-BBA1-739DCD1C0735}.Release|Any CPU.Build.0 = Release|Any CPU
	EndGlobalSection
	GlobalSection(SolutionProperties) = preSolution
		HideSolutionNode = FALSE
	EndGlobalSection
	GlobalSection(ExtensibilityGlobals) = postSolution
		SolutionGuid = {5654368C-3464-42C8-B122-0D623853BD05}
	EndGlobalSection
EndGlobal
