
Microsoft Visual Studio Solution File, Format Version 12.00
# Visual Studio Version 17
VisualStudioVersion = 17.13.35818.85 d17.13
MinimumVisualStudioVersion = 10.0.40219.1
Project("{FAE04EC0-301F-11D3-BF4B-00C04F79EFBC}") = "实验二=5", "实验二=5.csproj", "{4EB919A9-1889-4961-899C-1B4CA9420BCB}"
EndProject
Global
	GlobalSection(SolutionConfigurationPlatforms) = preSolution
		Debug|Any CPU = Debug|Any CPU
		Release|Any CPU = Release|Any CPU
	EndGlobalSection
	GlobalSection(ProjectConfigurationPlatforms) = postSolution
		{4EB919A9-1889-4961-899C-1B4CA9420BCB}.Debug|Any CPU.ActiveCfg = Debug|Any CPU
		{4EB919A9-1889-4961-899C-1B4CA9420BCB}.Debug|Any CPU.Build.0 = Debug|Any CPU
		{4EB919A9-1889-4961-899C-1B4CA9420BCB}.Release|Any CPU.ActiveCfg = Release|Any CPU
		{4EB919A9-1889-4961-899C-1B4CA9420BCB}.Release|Any CPU.Build.0 = Release|Any CPU
	EndGlobalSection
	GlobalSection(SolutionProperties) = preSolution
		HideSolutionNode = FALSE
	EndGlobalSection
	GlobalSection(ExtensibilityGlobals) = postSolution
		SolutionGuid = {49034220-6E5D-478C-A143-2874B1136E5F}
	EndGlobalSection
EndGlobal
