
Microsoft Visual Studio Solution File, Format Version 12.00
# Visual Studio Version 17
VisualStudioVersion = 17.10.35027.167
MinimumVisualStudioVersion = 10.0.40219.1
Project("{8BC9CEB8-8B4A-11D0-8D11-00A0C91BC942}") = "test_10_23", "test_10_23.vcxproj", "{22BAAADE-753C-4011-A3FD-0F67648745CA}"
EndProject
Global
	GlobalSection(SolutionConfigurationPlatforms) = preSolution
		Debug|x64 = Debug|x64
		Debug|x86 = Debug|x86
		Release|x64 = Release|x64
		Release|x86 = Release|x86
	EndGlobalSection
	GlobalSection(ProjectConfigurationPlatforms) = postSolution
		{22BAAADE-753C-4011-A3FD-0F67648745CA}.Debug|x64.ActiveCfg = Debug|x64
		{22BAAADE-753C-4011-A3FD-0F67648745CA}.Debug|x64.Build.0 = Debug|x64
		{22BAAADE-753C-4011-A3FD-0F67648745CA}.Debug|x86.ActiveCfg = Debug|Win32
		{22BAAADE-753C-4011-A3FD-0F67648745CA}.Debug|x86.Build.0 = Debug|Win32
		{22BAAADE-753C-4011-A3FD-0F67648745CA}.Release|x64.ActiveCfg = Release|x64
		{22BAAADE-753C-4011-A3FD-0F67648745CA}.Release|x64.Build.0 = Release|x64
		{22BAAADE-753C-4011-A3FD-0F67648745CA}.Release|x86.ActiveCfg = Release|Win32
		{22BAAADE-753C-4011-A3FD-0F67648745CA}.Release|x86.Build.0 = Release|Win32
	EndGlobalSection
	GlobalSection(SolutionProperties) = preSolution
		HideSolutionNode = FALSE
	EndGlobalSection
	GlobalSection(ExtensibilityGlobals) = postSolution
		SolutionGuid = {65594803-4F5B-43EA-86B6-774DA29DAC4A}
	EndGlobalSection
EndGlobal
