
Microsoft Visual Studio Solution File, Format Version 12.00
# Visual Studio Version 17
VisualStudioVersion = 17.13.35818.85
MinimumVisualStudioVersion = 10.0.40219.1
Project("{FAE04EC0-301F-11D3-BF4B-00C04F79EFBC}") = "实验七=1", "实验七=1.csproj", "{8655477F-922D-447B-A87E-3BE087648C0D}"
EndProject
Global
	GlobalSection(SolutionConfigurationPlatforms) = preSolution
		Debug|Any CPU = Debug|Any CPU
		Release|Any CPU = Release|Any CPU
	EndGlobalSection
	GlobalSection(ProjectConfigurationPlatforms) = postSolution
		{8655477F-922D-447B-A87E-3BE087648C0D}.Debug|Any CPU.ActiveCfg = Debug|Any CPU
		{8655477F-922D-447B-A87E-3BE087648C0D}.Debug|Any CPU.Build.0 = Debug|Any CPU
		{8655477F-922D-447B-A87E-3BE087648C0D}.Release|Any CPU.ActiveCfg = Release|Any CPU
		{8655477F-922D-447B-A87E-3BE087648C0D}.Release|Any CPU.Build.0 = Release|Any CPU
	EndGlobalSection
	GlobalSection(SolutionProperties) = preSolution
		HideSolutionNode = FALSE
	EndGlobalSection
	GlobalSection(ExtensibilityGlobals) = postSolution
		SolutionGuid = {CE650993-1507-4C2D-8D92-589381800090}
	EndGlobalSection
EndGlobal
