
Microsoft Visual Studio Solution File, Format Version 12.00
# Visual Studio Version 17
VisualStudioVersion = 17.13.35818.85
MinimumVisualStudioVersion = 10.0.40219.1
Project("{FAE04EC0-301F-11D3-BF4B-00C04F79EFBC}") = "实验八=3.1", "实验八=3.1.csproj", "{B121E8C3-AAD8-4DBE-A8C4-773E43EDD1D0}"
EndProject
Global
	GlobalSection(SolutionConfigurationPlatforms) = preSolution
		Debug|Any CPU = Debug|Any CPU
		Release|Any CPU = Release|Any CPU
	EndGlobalSection
	GlobalSection(ProjectConfigurationPlatforms) = postSolution
		{B121E8C3-AAD8-4DBE-A8C4-773E43EDD1D0}.Debug|Any CPU.ActiveCfg = Debug|Any CPU
		{B121E8C3-AAD8-4DBE-A8C4-773E43EDD1D0}.Debug|Any CPU.Build.0 = Debug|Any CPU
		{B121E8C3-AAD8-4DBE-A8C4-773E43EDD1D0}.Release|Any CPU.ActiveCfg = Release|Any CPU
		{B121E8C3-AAD8-4DBE-A8C4-773E43EDD1D0}.Release|Any CPU.Build.0 = Release|Any CPU
	EndGlobalSection
	GlobalSection(SolutionProperties) = preSolution
		HideSolutionNode = FALSE
	EndGlobalSection
	GlobalSection(ExtensibilityGlobals) = postSolution
		SolutionGuid = {E784626D-E0BC-499C-B5BF-96824E1FBE4C}
	EndGlobalSection
EndGlobal
