
Microsoft Visual Studio Solution File, Format Version 12.00
# Visual Studio Version 16
VisualStudioVersion = 16.0.30413.136
MinimumVisualStudioVersion = 10.0.40219.1
Project("{FAE04EC0-301F-11D3-BF4B-00C04F79EFBC}") = "实验六=3", "实验六=3.csproj", "{6FCB1F5E-46AC-4556-8C12-7A717D6FF7F2}"
EndProject
Global
	GlobalSection(SolutionConfigurationPlatforms) = preSolution
		Debug|Any CPU = Debug|Any CPU
		Release|Any CPU = Release|Any CPU
	EndGlobalSection
	GlobalSection(ProjectConfigurationPlatforms) = postSolution
		{6FCB1F5E-46AC-4556-8C12-7A717D6FF7F2}.Debug|Any CPU.ActiveCfg = Debug|Any CPU
		{6FCB1F5E-46AC-4556-8C12-7A717D6FF7F2}.Debug|Any CPU.Build.0 = Debug|Any CPU
		{6FCB1F5E-46AC-4556-8C12-7A717D6FF7F2}.Release|Any CPU.ActiveCfg = Release|Any CPU
		{6FCB1F5E-46AC-4556-8C12-7A717D6FF7F2}.Release|Any CPU.Build.0 = Release|Any CPU
	EndGlobalSection
	GlobalSection(SolutionProperties) = preSolution
		HideSolutionNode = FALSE
	EndGlobalSection
	GlobalSection(ExtensibilityGlobals) = postSolution
		SolutionGuid = {AB91296C-9ED8-4E2F-BB2A-01F1CAADFA22}
	EndGlobalSection
EndGlobal
