
Microsoft Visual Studio Solution File, Format Version 12.00
# Visual Studio Version 16
VisualStudioVersion = 16.0.30413.136
MinimumVisualStudioVersion = 10.0.40219.1
Project("{FAE04EC0-301F-11D3-BF4B-00C04F79EFBC}") = "实验五=3", "实验五=3.csproj", "{71976AF5-924B-4157-B7FF-E99DC10F15B5}"
EndProject
Global
	GlobalSection(SolutionConfigurationPlatforms) = preSolution
		Debug|Any CPU = Debug|Any CPU
		Release|Any CPU = Release|Any CPU
	EndGlobalSection
	GlobalSection(ProjectConfigurationPlatforms) = postSolution
		{71976AF5-924B-4157-B7FF-E99DC10F15B5}.Debug|Any CPU.ActiveCfg = Debug|Any CPU
		{71976AF5-924B-4157-B7FF-E99DC10F15B5}.Debug|Any CPU.Build.0 = Debug|Any CPU
		{71976AF5-924B-4157-B7FF-E99DC10F15B5}.Release|Any CPU.ActiveCfg = Release|Any CPU
		{71976AF5-924B-4157-B7FF-E99DC10F15B5}.Release|Any CPU.Build.0 = Release|Any CPU
	EndGlobalSection
	GlobalSection(SolutionProperties) = preSolution
		HideSolutionNode = FALSE
	EndGlobalSection
	GlobalSection(ExtensibilityGlobals) = postSolution
		SolutionGuid = {532517F4-CD47-4BBC-A93C-409F7D0E16E9}
	EndGlobalSection
EndGlobal
