
Microsoft Visual Studio Solution File, Format Version 12.00
# Visual Studio Version 16
VisualStudioVersion = 16.0.30413.136
MinimumVisualStudioVersion = 10.0.40219.1
Project("{FAE04EC0-301F-11D3-BF4B-00C04F79EFBC}") = "实验九=4", "实验九=4.csproj", "{4CA07BE5-3AD3-4908-ADE7-1B9ADEBA2C24}"
EndProject
Global
	GlobalSection(SolutionConfigurationPlatforms) = preSolution
		Debug|Any CPU = Debug|Any CPU
		Release|Any CPU = Release|Any CPU
	EndGlobalSection
	GlobalSection(ProjectConfigurationPlatforms) = postSolution
		{4CA07BE5-3AD3-4908-ADE7-1B9ADEBA2C24}.Debug|Any CPU.ActiveCfg = Debug|Any CPU
		{4CA07BE5-3AD3-4908-ADE7-1B9ADEBA2C24}.Debug|Any CPU.Build.0 = Debug|Any CPU
		{4CA07BE5-3AD3-4908-ADE7-1B9ADEBA2C24}.Release|Any CPU.ActiveCfg = Release|Any CPU
		{4CA07BE5-3AD3-4908-ADE7-1B9ADEBA2C24}.Release|Any CPU.Build.0 = Release|Any CPU
	EndGlobalSection
	GlobalSection(SolutionProperties) = preSolution
		HideSolutionNode = FALSE
	EndGlobalSection
	GlobalSection(ExtensibilityGlobals) = postSolution
		SolutionGuid = {E5394B9B-B082-4B1F-A564-69DAFB91BA39}
	EndGlobalSection
EndGlobal
