
Microsoft Visual Studio Solution File, Format Version 12.00
# Visual Studio Version 17
VisualStudioVersion = 17.10.35027.167
MinimumVisualStudioVersion = 10.0.40219.1
Project("{8BC9CEB8-8B4A-11D0-8D11-00A0C91BC942}") = "test_8_7", "test_8_7.vcxproj", "{C92424AC-9085-4EBA-BD9F-E37ADCEEB687}"
EndProject
Global
	GlobalSection(SolutionConfigurationPlatforms) = preSolution
		Debug|x64 = Debug|x64
		Debug|x86 = Debug|x86
		Release|x64 = Release|x64
		Release|x86 = Release|x86
	EndGlobalSection
	GlobalSection(ProjectConfigurationPlatforms) = postSolution
		{C92424AC-9085-4EBA-BD9F-E37ADCEEB687}.Debug|x64.ActiveCfg = Debug|x64
		{C92424AC-9085-4EBA-BD9F-E37ADCEEB687}.Debug|x64.Build.0 = Debug|x64
		{C92424AC-9085-4EBA-BD9F-E37ADCEEB687}.Debug|x86.ActiveCfg = Debug|Win32
		{C92424AC-9085-4EBA-BD9F-E37ADCEEB687}.Debug|x86.Build.0 = Debug|Win32
		{C92424AC-9085-4EBA-BD9F-E37ADCEEB687}.Release|x64.ActiveCfg = Release|x64
		{C92424AC-9085-4EBA-BD9F-E37ADCEEB687}.Release|x64.Build.0 = Release|x64
		{C92424AC-9085-4EBA-BD9F-E37ADCEEB687}.Release|x86.ActiveCfg = Release|Win32
		{C92424AC-9085-4EBA-BD9F-E37ADCEEB687}.Release|x86.Build.0 = Release|Win32
	EndGlobalSection
	GlobalSection(SolutionProperties) = preSolution
		HideSolutionNode = FALSE
	EndGlobalSection
	GlobalSection(ExtensibilityGlobals) = postSolution
		SolutionGuid = {4217AC0B-1E3C-40FD-913E-1C117D8D49CD}
	EndGlobalSection
EndGlobal
