
Microsoft Visual Studio Solution File, Format Version 12.00
# Visual Studio Version 17
VisualStudioVersion = 17.13.35818.85 d17.13
MinimumVisualStudioVersion = 10.0.40219.1
Project("{FAE04EC0-301F-11D3-BF4B-00C04F79EFBC}") = "TextEditorApp", "TextEditorApp.csproj", "{54D99C88-C241-4533-9106-499A6798145C}"
EndProject
Global
	GlobalSection(SolutionConfigurationPlatforms) = preSolution
		Debug|Any CPU = Debug|Any CPU
		Release|Any CPU = Release|Any CPU
	EndGlobalSection
	GlobalSection(ProjectConfigurationPlatforms) = postSolution
		{54D99C88-C241-4533-9106-499A6798145C}.Debug|Any CPU.ActiveCfg = Debug|Any CPU
		{54D99C88-C241-4533-9106-499A6798145C}.Debug|Any CPU.Build.0 = Debug|Any CPU
		{54D99C88-C241-4533-9106-499A6798145C}.Release|Any CPU.ActiveCfg = Release|Any CPU
		{54D99C88-C241-4533-9106-499A6798145C}.Release|Any CPU.Build.0 = Release|Any CPU
	EndGlobalSection
	GlobalSection(SolutionProperties) = preSolution
		HideSolutionNode = FALSE
	EndGlobalSection
	GlobalSection(ExtensibilityGlobals) = postSolution
		SolutionGuid = {F686B72A-1AC1-4422-831B-6D2E68C911EA}
	EndGlobalSection
EndGlobal
