
Microsoft Visual Studio Solution File, Format Version 12.00
# Visual Studio Version 17
VisualStudioVersion = 17.13.35818.85
MinimumVisualStudioVersion = 10.0.40219.1
Project("{FAE04EC0-301F-11D3-BF4B-00C04F79EFBC}") = "实验七=0", "实验七=0.csproj", "{DC0223A5-2542-479E-8800-C8A73494158A}"
EndProject
Global
	GlobalSection(SolutionConfigurationPlatforms) = preSolution
		Debug|Any CPU = Debug|Any CPU
		Release|Any CPU = Release|Any CPU
	EndGlobalSection
	GlobalSection(ProjectConfigurationPlatforms) = postSolution
		{DC0223A5-2542-479E-8800-C8A73494158A}.Debug|Any CPU.ActiveCfg = Debug|Any CPU
		{DC0223A5-2542-479E-8800-C8A73494158A}.Debug|Any CPU.Build.0 = Debug|Any CPU
		{DC0223A5-2542-479E-8800-C8A73494158A}.Release|Any CPU.ActiveCfg = Release|Any CPU
		{DC0223A5-2542-479E-8800-C8A73494158A}.Release|Any CPU.Build.0 = Release|Any CPU
	EndGlobalSection
	GlobalSection(SolutionProperties) = preSolution
		HideSolutionNode = FALSE
	EndGlobalSection
	GlobalSection(ExtensibilityGlobals) = postSolution
		SolutionGuid = {DFBEBF1D-EDF7-47EF-9660-B52BAA3019C2}
	EndGlobalSection
EndGlobal
